
Microsoft Visual Studio Solution File, Format Version 12.00
# Visual Studio Version 17
VisualStudioVersion = 17.7.34009.444
MinimumVisualStudioVersion = 10.0.40219.1
Project("{FAE04EC0-301F-11D3-BF4B-00C04F79EFBC}") = "InchesToCentimeters", "InchesToCentimeters\InchesToCentimeters.csproj", "{53D6B515-4FD6-4453-9A3E-8CE94D76CB3B}"
EndProject
Global
	GlobalSection(SolutionConfigurationPlatforms) = preSolution
		Debug|Any CPU = Debug|Any CPU
		Release|Any CPU = Release|Any CPU
	EndGlobalSection
	GlobalSection(ProjectConfigurationPlatforms) = postSolution
		{53D6B515-4FD6-4453-9A3E-8CE94D76CB3B}.Debug|Any CPU.ActiveCfg = Debug|Any CPU
		{53D6B515-4FD6-4453-9A3E-8CE94D76CB3B}.Debug|Any CPU.Build.0 = Debug|Any CPU
		{53D6B515-4FD6-4453-9A3E-8CE94D76CB3B}.Release|Any CPU.ActiveCfg = Release|Any CPU
		{53D6B515-4FD6-4453-9A3E-8CE94D76CB3B}.Release|Any CPU.Build.0 = Release|Any CPU
	EndGlobalSection
	GlobalSection(SolutionProperties) = preSolution
		HideSolutionNode = FALSE
	EndGlobalSection
	GlobalSection(ExtensibilityGlobals) = postSolution
		SolutionGuid = {979727B4-7B78-4368-88F8-AAE6D3030BA3}
	EndGlobalSection
EndGlobal
