
Microsoft Visual Studio Solution File, Format Version 12.00
# Visual Studio Version 17
VisualStudioVersion = 17.7.34009.444
MinimumVisualStudioVersion = 10.0.40219.1
Project("{FAE04EC0-301F-11D3-BF4B-00C04F79EFBC}") = "ArrayDemo1", "ArrayDemo1\ArrayDemo1.csproj", "{582B3303-5AD6-4EED-AD75-7AA0E75C3D88}"
EndProject
Global
	GlobalSection(SolutionConfigurationPlatforms) = preSolution
		Debug|Any CPU = Debug|Any CPU
		Release|Any CPU = Release|Any CPU
	EndGlobalSection
	GlobalSection(ProjectConfigurationPlatforms) = postSolution
		{582B3303-5AD6-4EED-AD75-7AA0E75C3D88}.Debug|Any CPU.ActiveCfg = Debug|Any CPU
		{582B3303-5AD6-4EED-AD75-7AA0E75C3D88}.Debug|Any CPU.Build.0 = Debug|Any CPU
		{582B3303-5AD6-4EED-AD75-7AA0E75C3D88}.Release|Any CPU.ActiveCfg = Release|Any CPU
		{582B3303-5AD6-4EED-AD75-7AA0E75C3D88}.Release|Any CPU.Build.0 = Release|Any CPU
	EndGlobalSection
	GlobalSection(SolutionProperties) = preSolution
		HideSolutionNode = FALSE
	EndGlobalSection
	GlobalSection(ExtensibilityGlobals) = postSolution
		SolutionGuid = {A3D553B4-E785-44EC-ADE0-B9C1D17E2DF5}
	EndGlobalSection
EndGlobal
