
Microsoft Visual Studio Solution File, Format Version 12.00
# Visual Studio Version 17
VisualStudioVersion = 17.7.34009.444
MinimumVisualStudioVersion = 10.0.40219.1
Project("{FAE04EC0-301F-11D3-BF4B-00C04F79EFBC}") = "ConsoleApp2", "ConsoleApp2\ConsoleApp2.csproj", "{CCD8AE62-62B8-4FA6-B0D5-C8962F152997}"
EndProject
Global
	GlobalSection(SolutionConfigurationPlatforms) = preSolution
		Debug|Any CPU = Debug|Any CPU
		Release|Any CPU = Release|Any CPU
	EndGlobalSection
	GlobalSection(ProjectConfigurationPlatforms) = postSolution
		{CCD8AE62-62B8-4FA6-B0D5-C8962F152997}.Debug|Any CPU.ActiveCfg = Debug|Any CPU
		{CCD8AE62-62B8-4FA6-B0D5-C8962F152997}.Debug|Any CPU.Build.0 = Debug|Any CPU
		{CCD8AE62-62B8-4FA6-B0D5-C8962F152997}.Release|Any CPU.ActiveCfg = Release|Any CPU
		{CCD8AE62-62B8-4FA6-B0D5-C8962F152997}.Release|Any CPU.Build.0 = Release|Any CPU
	EndGlobalSection
	GlobalSection(SolutionProperties) = preSolution
		HideSolutionNode = FALSE
	EndGlobalSection
	GlobalSection(ExtensibilityGlobals) = postSolution
		SolutionGuid = {6BAFD649-64D1-4A18-85F9-87DDC0476BBC}
	EndGlobalSection
EndGlobal
