
Microsoft Visual Studio Solution File, Format Version 12.00
# Visual Studio Version 17
VisualStudioVersion = 17.7.34009.444
MinimumVisualStudioVersion = 10.0.40219.1
Project("{FAE04EC0-301F-11D3-BF4B-00C04F79EFBC}") = "CalculateGrade", "CalculateGrade\CalculateGrade.csproj", "{8FB368C0-2BF5-422F-A81F-44C0DE8447B2}"
EndProject
Global
	GlobalSection(SolutionConfigurationPlatforms) = preSolution
		Debug|Any CPU = Debug|Any CPU
		Release|Any CPU = Release|Any CPU
	EndGlobalSection
	GlobalSection(ProjectConfigurationPlatforms) = postSolution
		{8FB368C0-2BF5-422F-A81F-44C0DE8447B2}.Debug|Any CPU.ActiveCfg = Debug|Any CPU
		{8FB368C0-2BF5-422F-A81F-44C0DE8447B2}.Debug|Any CPU.Build.0 = Debug|Any CPU
		{8FB368C0-2BF5-422F-A81F-44C0DE8447B2}.Release|Any CPU.ActiveCfg = Release|Any CPU
		{8FB368C0-2BF5-422F-A81F-44C0DE8447B2}.Release|Any CPU.Build.0 = Release|Any CPU
	EndGlobalSection
	GlobalSection(SolutionProperties) = preSolution
		HideSolutionNode = FALSE
	EndGlobalSection
	GlobalSection(ExtensibilityGlobals) = postSolution
		SolutionGuid = {8497B09D-B956-4044-BA5E-DA5E2ECD134B}
	EndGlobalSection
EndGlobal
