
Microsoft Visual Studio Solution File, Format Version 12.00
# Visual Studio Version 17
VisualStudioVersion = 17.7.34009.444
MinimumVisualStudioVersion = 10.0.40219.1
Project("{FAE04EC0-301F-11D3-BF4B-00C04F79EFBC}") = "ConsoleApp1", "ConsoleApp1\ConsoleApp1.csproj", "{F54CDA5B-B1B4-4A3C-9C5C-BA15F5A5DEB2}"
EndProject
Global
	GlobalSection(SolutionConfigurationPlatforms) = preSolution
		Debug|Any CPU = Debug|Any CPU
		Release|Any CPU = Release|Any CPU
	EndGlobalSection
	GlobalSection(ProjectConfigurationPlatforms) = postSolution
		{F54CDA5B-B1B4-4A3C-9C5C-BA15F5A5DEB2}.Debug|Any CPU.ActiveCfg = Debug|Any CPU
		{F54CDA5B-B1B4-4A3C-9C5C-BA15F5A5DEB2}.Debug|Any CPU.Build.0 = Debug|Any CPU
		{F54CDA5B-B1B4-4A3C-9C5C-BA15F5A5DEB2}.Release|Any CPU.ActiveCfg = Release|Any CPU
		{F54CDA5B-B1B4-4A3C-9C5C-BA15F5A5DEB2}.Release|Any CPU.Build.0 = Release|Any CPU
	EndGlobalSection
	GlobalSection(SolutionProperties) = preSolution
		HideSolutionNode = FALSE
	EndGlobalSection
	GlobalSection(ExtensibilityGlobals) = postSolution
		SolutionGuid = {DE72A7E7-A748-4EE1-9855-3D1008DC2FD0}
	EndGlobalSection
EndGlobal
