
Microsoft Visual Studio Solution File, Format Version 12.00
# Visual Studio Version 17
VisualStudioVersion = 17.7.34009.444
MinimumVisualStudioVersion = 10.0.40219.1
Project("{FAE04EC0-301F-11D3-BF4B-00C04F79EFBC}") = "RepeatStringMod01", "RepeatStringMod01\RepeatStringMod01.csproj", "{3A73BDE6-BD5D-4913-AB2C-C4C708AD22A8}"
EndProject
Global
	GlobalSection(SolutionConfigurationPlatforms) = preSolution
		Debug|Any CPU = Debug|Any CPU
		Release|Any CPU = Release|Any CPU
	EndGlobalSection
	GlobalSection(ProjectConfigurationPlatforms) = postSolution
		{3A73BDE6-BD5D-4913-AB2C-C4C708AD22A8}.Debug|Any CPU.ActiveCfg = Debug|Any CPU
		{3A73BDE6-BD5D-4913-AB2C-C4C708AD22A8}.Debug|Any CPU.Build.0 = Debug|Any CPU
		{3A73BDE6-BD5D-4913-AB2C-C4C708AD22A8}.Release|Any CPU.ActiveCfg = Release|Any CPU
		{3A73BDE6-BD5D-4913-AB2C-C4C708AD22A8}.Release|Any CPU.Build.0 = Release|Any CPU
	EndGlobalSection
	GlobalSection(SolutionProperties) = preSolution
		HideSolutionNode = FALSE
	EndGlobalSection
	GlobalSection(ExtensibilityGlobals) = postSolution
		SolutionGuid = {EE8BD2F5-76E6-4163-9F95-68A57CD20F37}
	EndGlobalSection
EndGlobal
