
Microsoft Visual Studio Solution File, Format Version 12.00
# Visual Studio Version 17
VisualStudioVersion = 17.7.34009.444
MinimumVisualStudioVersion = 10.0.40219.1
Project("{FAE04EC0-301F-11D3-BF4B-00C04F79EFBC}") = "ConsoleApp1", "ConsoleApp1\ConsoleApp1.csproj", "{EBBBF8CC-0137-4DB3-8C4E-22AC3073465B}"
EndProject
Global
	GlobalSection(SolutionConfigurationPlatforms) = preSolution
		Debug|Any CPU = Debug|Any CPU
		Release|Any CPU = Release|Any CPU
	EndGlobalSection
	GlobalSection(ProjectConfigurationPlatforms) = postSolution
		{EBBBF8CC-0137-4DB3-8C4E-22AC3073465B}.Debug|Any CPU.ActiveCfg = Debug|Any CPU
		{EBBBF8CC-0137-4DB3-8C4E-22AC3073465B}.Debug|Any CPU.Build.0 = Debug|Any CPU
		{EBBBF8CC-0137-4DB3-8C4E-22AC3073465B}.Release|Any CPU.ActiveCfg = Release|Any CPU
		{EBBBF8CC-0137-4DB3-8C4E-22AC3073465B}.Release|Any CPU.Build.0 = Release|Any CPU
	EndGlobalSection
	GlobalSection(SolutionProperties) = preSolution
		HideSolutionNode = FALSE
	EndGlobalSection
	GlobalSection(ExtensibilityGlobals) = postSolution
		SolutionGuid = {9B9C4AA1-E4D9-4E41-9673-0A764DA8212E}
	EndGlobalSection
EndGlobal
