
Microsoft Visual Studio Solution File, Format Version 12.00
# Visual Studio Version 17
VisualStudioVersion = 17.7.34009.444
MinimumVisualStudioVersion = 10.0.40219.1
Project("{FAE04EC0-301F-11D3-BF4B-00C04F79EFBC}") = "UppercaseLowercaseAlphabets", "UppercaseLowercaseAlphabets\UppercaseLowercaseAlphabets.csproj", "{BACDD28C-AF3B-40F2-9BC0-BEA058811159}"
EndProject
Global
	GlobalSection(SolutionConfigurationPlatforms) = preSolution
		Debug|Any CPU = Debug|Any CPU
		Release|Any CPU = Release|Any CPU
	EndGlobalSection
	GlobalSection(ProjectConfigurationPlatforms) = postSolution
		{BACDD28C-AF3B-40F2-9BC0-BEA058811159}.Debug|Any CPU.ActiveCfg = Debug|Any CPU
		{BACDD28C-AF3B-40F2-9BC0-BEA058811159}.Debug|Any CPU.Build.0 = Debug|Any CPU
		{BACDD28C-AF3B-40F2-9BC0-BEA058811159}.Release|Any CPU.ActiveCfg = Release|Any CPU
		{BACDD28C-AF3B-40F2-9BC0-BEA058811159}.Release|Any CPU.Build.0 = Release|Any CPU
	EndGlobalSection
	GlobalSection(SolutionProperties) = preSolution
		HideSolutionNode = FALSE
	EndGlobalSection
	GlobalSection(ExtensibilityGlobals) = postSolution
		SolutionGuid = {AC1B9B6F-3A2D-4962-B025-430437A602D1}
	EndGlobalSection
EndGlobal
